
Microsoft Visual Studio Solution File, Format Version 12.00
# Visual Studio Version 17
VisualStudioVersion = 17.4.33205.214
MinimumVisualStudioVersion = 10.0.40219.1
Project("{FAE04EC0-301F-11D3-BF4B-00C04F79EFBC}") = "ConsumoDeUmVeiculo", "ConsumoDeUmVeiculo.csproj", "{432EFDB8-1E92-4864-87D6-3390A3C2DF6A}"
EndProject
Global
	GlobalSection(SolutionConfigurationPlatforms) = preSolution
		Debug|Any CPU = Debug|Any CPU
		Release|Any CPU = Release|Any CPU
	EndGlobalSection
	GlobalSection(ProjectConfigurationPlatforms) = postSolution
		{432EFDB8-1E92-4864-87D6-3390A3C2DF6A}.Debug|Any CPU.ActiveCfg = Debug|Any CPU
		{432EFDB8-1E92-4864-87D6-3390A3C2DF6A}.Debug|Any CPU.Build.0 = Debug|Any CPU
		{432EFDB8-1E92-4864-87D6-3390A3C2DF6A}.Release|Any CPU.ActiveCfg = Release|Any CPU
		{432EFDB8-1E92-4864-87D6-3390A3C2DF6A}.Release|Any CPU.Build.0 = Release|Any CPU
	EndGlobalSection
	GlobalSection(SolutionProperties) = preSolution
		HideSolutionNode = FALSE
	EndGlobalSection
	GlobalSection(ExtensibilityGlobals) = postSolution
		SolutionGuid = {20BAC423-EB85-4C44-94AA-6F05C3E76495}
	EndGlobalSection
EndGlobal
